
Microsoft Visual Studio Solution File, Format Version 12.00
# Visual Studio 15
VisualStudioVersion = 15.0.27130.2020
MinimumVisualStudioVersion = 10.0.40219.1
Project("{8BC9CEB8-8B4A-11D0-8D11-00A0C91BC942}") = "hook", "hook\hook.vcxproj", "{7ADBA80E-0D5B-4979-B691-F546E41A28CA}"
EndProject
Project("{8BC9CEB8-8B4A-11D0-8D11-00A0C91BC942}") = "control-panel", "control-panel\control-panel.vcxproj", "{7206E73F-9BE1-4F0F-A007-B5861C40D880}"
	ProjectSection(ProjectDependencies) = postProject
		{7ADBA80E-0D5B-4979-B691-F546E41A28CA} = {7ADBA80E-0D5B-4979-B691-F546E41A28CA}
	EndProjectSection
EndProject
Global
	GlobalSection(SolutionConfigurationPlatforms) = preSolution
		Debug|x64 = Debug|x64
		Debug|x86 = Debug|x86
		Release|x64 = Release|x64
		Release|x86 = Release|x86
	EndGlobalSection
	GlobalSection(ProjectConfigurationPlatforms) = postSolution
		{7ADBA80E-0D5B-4979-B691-F546E41A28CA}.Debug|x64.ActiveCfg = Debug|x64
		{7ADBA80E-0D5B-4979-B691-F546E41A28CA}.Debug|x64.Build.0 = Debug|x64
		{7ADBA80E-0D5B-4979-B691-F546E41A28CA}.Debug|x86.ActiveCfg = Debug|Win32
		{7ADBA80E-0D5B-4979-B691-F546E41A28CA}.Debug|x86.Build.0 = Debug|Win32
		{7ADBA80E-0D5B-4979-B691-F546E41A28CA}.Release|x64.ActiveCfg = Release|x64
		{7ADBA80E-0D5B-4979-B691-F546E41A28CA}.Release|x64.Build.0 = Release|x64
		{7ADBA80E-0D5B-4979-B691-F546E41A28CA}.Release|x86.ActiveCfg = Release|Win32
		{7ADBA80E-0D5B-4979-B691-F546E41A28CA}.Release|x86.Build.0 = Release|Win32
		{7206E73F-9BE1-4F0F-A007-B5861C40D880}.Debug|x64.ActiveCfg = Debug|x64
		{7206E73F-9BE1-4F0F-A007-B5861C40D880}.Debug|x64.Build.0 = Debug|x64
		{7206E73F-9BE1-4F0F-A007-B5861C40D880}.Debug|x86.ActiveCfg = Debug|Win32
		{7206E73F-9BE1-4F0F-A007-B5861C40D880}.Debug|x86.Build.0 = Debug|Win32
		{7206E73F-9BE1-4F0F-A007-B5861C40D880}.Release|x64.ActiveCfg = Release|x64
		{7206E73F-9BE1-4F0F-A007-B5861C40D880}.Release|x64.Build.0 = Release|x64
		{7206E73F-9BE1-4F0F-A007-B5861C40D880}.Release|x86.ActiveCfg = Release|Win32
		{7206E73F-9BE1-4F0F-A007-B5861C40D880}.Release|x86.Build.0 = Release|Win32
	EndGlobalSection
	GlobalSection(SolutionProperties) = preSolution
		HideSolutionNode = FALSE
	EndGlobalSection
	GlobalSection(ExtensibilityGlobals) = postSolution
		SolutionGuid = {87692449-C232-4F47-AD57-1C34DDAFC0E2}
	EndGlobalSection
EndGlobal
